
Microsoft Visual Studio Solution File, Format Version 12.00
Project("{FAE04EC0-301F-11D3-BF4B-00C04F79EFBC}") = "Sanri.API", "Sanri.API\Sanri.API.csproj", "{A974FDA9-05A3-47A7-978F-6A691EF9D075}"
EndProject
Project("{FAE04EC0-301F-11D3-BF4B-00C04F79EFBC}") = "Sanri.Tests", "Sanri.Tests\Sanri.Tests.csproj", "{4A599B14-73A8-4AC9-82E8-2C563B2FD0ED}"
EndProject
Project("{FAE04EC0-301F-11D3-BF4B-00C04F79EFBC}") = "Sanri.Core", "Sanri.Core\Sanri.Core.csproj", "{70FB4F08-E5EA-48E9-862C-DDF037DD22D6}"
EndProject
Project("{FAE04EC0-301F-11D3-BF4B-00C04F79EFBC}") = "Sanri.Application", "Sanri.Application\Sanri.Application.csproj", "{AFFCB312-B41F-4DC0-8CC9-2F21D74193F3}"
EndProject
Project("{FAE04EC0-301F-11D3-BF4B-00C04F79EFBC}") = "Sanri.Nh", "Sanri.Nh\Sanri.Nh.csproj", "{82E87425-B9D8-4F14-BD33-18C6D09FFF5C}"
EndProject
Project("{FAE04EC0-301F-11D3-BF4B-00C04F79EFBC}") = "Sanri.Playground", "Sanri.Playground\Sanri.Playground.csproj", "{84410904-5AD7-499B-876C-9863051CB35B}"
EndProject
Project("{2150E333-8FDC-42A3-9474-1A3956D46DE8}") = "Infrastructure", "Infrastructure", "{D03A49FF-06DB-47F8-865F-2E827B01EC7A}"
EndProject
Project("{FAE04EC0-301F-11D3-BF4B-00C04F79EFBC}") = "Sanri.DataTypes", "Sanri.DataTypes\Sanri.DataTypes.csproj", "{983DA924-7D4A-481A-AB88-6C0EB5EF043E}"
EndProject
Project("{FAE04EC0-301F-11D3-BF4B-00C04F79EFBC}") = "Sanri.System", "Sanri.System\Sanri.System.csproj", "{8CF18A4A-D93C-4D0F-AFAE-ED6647BD05FD}"
EndProject
Global
	GlobalSection(SolutionConfigurationPlatforms) = preSolution
		Debug|Any CPU = Debug|Any CPU
		Release|Any CPU = Release|Any CPU
	EndGlobalSection
	GlobalSection(ProjectConfigurationPlatforms) = postSolution
		{A974FDA9-05A3-47A7-978F-6A691EF9D075}.Debug|Any CPU.ActiveCfg = Debug|Any CPU
		{A974FDA9-05A3-47A7-978F-6A691EF9D075}.Debug|Any CPU.Build.0 = Debug|Any CPU
		{A974FDA9-05A3-47A7-978F-6A691EF9D075}.Release|Any CPU.ActiveCfg = Release|Any CPU
		{A974FDA9-05A3-47A7-978F-6A691EF9D075}.Release|Any CPU.Build.0 = Release|Any CPU
		{4A599B14-73A8-4AC9-82E8-2C563B2FD0ED}.Debug|Any CPU.ActiveCfg = Debug|Any CPU
		{4A599B14-73A8-4AC9-82E8-2C563B2FD0ED}.Debug|Any CPU.Build.0 = Debug|Any CPU
		{4A599B14-73A8-4AC9-82E8-2C563B2FD0ED}.Release|Any CPU.ActiveCfg = Release|Any CPU
		{4A599B14-73A8-4AC9-82E8-2C563B2FD0ED}.Release|Any CPU.Build.0 = Release|Any CPU
		{70FB4F08-E5EA-48E9-862C-DDF037DD22D6}.Debug|Any CPU.ActiveCfg = Debug|Any CPU
		{70FB4F08-E5EA-48E9-862C-DDF037DD22D6}.Debug|Any CPU.Build.0 = Debug|Any CPU
		{70FB4F08-E5EA-48E9-862C-DDF037DD22D6}.Release|Any CPU.ActiveCfg = Release|Any CPU
		{70FB4F08-E5EA-48E9-862C-DDF037DD22D6}.Release|Any CPU.Build.0 = Release|Any CPU
		{AFFCB312-B41F-4DC0-8CC9-2F21D74193F3}.Debug|Any CPU.ActiveCfg = Debug|Any CPU
		{AFFCB312-B41F-4DC0-8CC9-2F21D74193F3}.Debug|Any CPU.Build.0 = Debug|Any CPU
		{AFFCB312-B41F-4DC0-8CC9-2F21D74193F3}.Release|Any CPU.ActiveCfg = Release|Any CPU
		{AFFCB312-B41F-4DC0-8CC9-2F21D74193F3}.Release|Any CPU.Build.0 = Release|Any CPU
		{82E87425-B9D8-4F14-BD33-18C6D09FFF5C}.Debug|Any CPU.ActiveCfg = Debug|Any CPU
		{82E87425-B9D8-4F14-BD33-18C6D09FFF5C}.Debug|Any CPU.Build.0 = Debug|Any CPU
		{82E87425-B9D8-4F14-BD33-18C6D09FFF5C}.Release|Any CPU.ActiveCfg = Release|Any CPU
		{82E87425-B9D8-4F14-BD33-18C6D09FFF5C}.Release|Any CPU.Build.0 = Release|Any CPU
		{84410904-5AD7-499B-876C-9863051CB35B}.Debug|Any CPU.ActiveCfg = Debug|Any CPU
		{84410904-5AD7-499B-876C-9863051CB35B}.Debug|Any CPU.Build.0 = Debug|Any CPU
		{84410904-5AD7-499B-876C-9863051CB35B}.Release|Any CPU.ActiveCfg = Release|Any CPU
		{84410904-5AD7-499B-876C-9863051CB35B}.Release|Any CPU.Build.0 = Release|Any CPU
		{983DA924-7D4A-481A-AB88-6C0EB5EF043E}.Debug|Any CPU.ActiveCfg = Debug|Any CPU
		{983DA924-7D4A-481A-AB88-6C0EB5EF043E}.Debug|Any CPU.Build.0 = Debug|Any CPU
		{983DA924-7D4A-481A-AB88-6C0EB5EF043E}.Release|Any CPU.ActiveCfg = Release|Any CPU
		{983DA924-7D4A-481A-AB88-6C0EB5EF043E}.Release|Any CPU.Build.0 = Release|Any CPU
		{8CF18A4A-D93C-4D0F-AFAE-ED6647BD05FD}.Debug|Any CPU.ActiveCfg = Debug|Any CPU
		{8CF18A4A-D93C-4D0F-AFAE-ED6647BD05FD}.Debug|Any CPU.Build.0 = Debug|Any CPU
		{8CF18A4A-D93C-4D0F-AFAE-ED6647BD05FD}.Release|Any CPU.ActiveCfg = Release|Any CPU
		{8CF18A4A-D93C-4D0F-AFAE-ED6647BD05FD}.Release|Any CPU.Build.0 = Release|Any CPU
	EndGlobalSection
	GlobalSection(NestedProjects) = preSolution
		{983DA924-7D4A-481A-AB88-6C0EB5EF043E} = {D03A49FF-06DB-47F8-865F-2E827B01EC7A}
		{8CF18A4A-D93C-4D0F-AFAE-ED6647BD05FD} = {D03A49FF-06DB-47F8-865F-2E827B01EC7A}
		{82E87425-B9D8-4F14-BD33-18C6D09FFF5C} = {D03A49FF-06DB-47F8-865F-2E827B01EC7A}
	EndGlobalSection
EndGlobal
